
Microsoft Visual Studio Solution File, Format Version 12.00
# Visual Studio Version 17
VisualStudioVersion = 17.9.34622.214
MinimumVisualStudioVersion = 10.0.40219.1
Project("{FAE04EC0-301F-11D3-BF4B-00C04F79EFBC}") = "InheritanceLesson", "InheritanceLesson\InheritanceLesson.csproj", "{CE85BD4C-AFF5-4B50-B86E-71DE350743A3}"
EndProject
Global
	GlobalSection(SolutionConfigurationPlatforms) = preSolution
		Debug|Any CPU = Debug|Any CPU
		Release|Any CPU = Release|Any CPU
	EndGlobalSection
	GlobalSection(ProjectConfigurationPlatforms) = postSolution
		{CE85BD4C-AFF5-4B50-B86E-71DE350743A3}.Debug|Any CPU.ActiveCfg = Debug|Any CPU
		{CE85BD4C-AFF5-4B50-B86E-71DE350743A3}.Debug|Any CPU.Build.0 = Debug|Any CPU
		{CE85BD4C-AFF5-4B50-B86E-71DE350743A3}.Release|Any CPU.ActiveCfg = Release|Any CPU
		{CE85BD4C-AFF5-4B50-B86E-71DE350743A3}.Release|Any CPU.Build.0 = Release|Any CPU
	EndGlobalSection
	GlobalSection(SolutionProperties) = preSolution
		HideSolutionNode = FALSE
	EndGlobalSection
	GlobalSection(ExtensibilityGlobals) = postSolution
		SolutionGuid = {EB04CB03-C216-4B44-89BE-5617B64D1692}
	EndGlobalSection
EndGlobal
